# This file is automatically @generated by Cargo.
# It is not intended for manual editing.
version = 3

[[package]]
name = "acid_io"
version = "0.1.0"
source = "git+https://github.com/dataphract/acid_io.git?rev=2d54931#2d549317fe9253df8b510ba6bbdcfe623a837286"
dependencies = [
 "libc",
 "memchr",
]

[[package]]
name = "cfg-if"
version = "0.1.10"
source = "registry+https://github.com/rust-lang/crates.io-index"
checksum = "4785bdd1c96b2a846b2bd7cc02e86b6b3dbf14e7e53446c4f54c92a361040822"

[[package]]
name = "libc"
version = "0.2.146"
source = "registry+https://github.com/rust-lang/crates.io-index"
checksum = "f92be4933c13fd498862a9e02a3055f8a8d9c039ce33db97306fd5a6caa7f29b"

[[package]]
name = "memchr"
version = "2.5.0"
source = "registry+https://github.com/rust-lang/crates.io-index"
checksum = "2dffe52ecf27772e601905b7522cb4ef790d2cc203488bbd0e2fe85fcb74566d"

[[package]]
name = "pi"
version = "0.1.0"
dependencies = [
 "shim",
 "volatile",
]

[[package]]
name = "shim"
version = "0.1.0"
dependencies = [
 "acid_io",
 "cfg-if",
]

[[package]]
name = "volatile"
version = "0.1.0"
